# This file is generated by running "yarn install" inside your project.
# Manual changes might be lost - proceed with caution!

__metadata:
  version: 5
  cacheKey: 8

"@yarnpkg/esbuild-plugin-pnp@npm:^2.0.1-rc.2":
  version: 2.0.1-rc.2
  resolution: "@yarnpkg/esbuild-plugin-pnp@npm:2.0.1-rc.2"
  dependencies:
    tslib: ^1.13.0
  peerDependencies:
    esbuild: ">=0.10.0"
  checksum: 395915721cefbda98d34b7eb2d3a88b848df9ebd88444269fb2028186ddbc6f8c519b3af0109aeee9ee4dded33225e8f41504ec9af6bcbb94730849d95f4efdc
  languageName: node
  linkType: hard

"ansi-styles@npm:^3.2.1":
  version: 3.2.1
  resolution: "ansi-styles@npm:3.2.1"
  dependencies:
    color-convert: ^1.9.0
  checksum: d85ade01c10e5dd77b6c89f34ed7531da5830d2cb5882c645f330079975b716438cd7ebb81d0d6e6b4f9c577f19ae41ab55f07f19786b02f9dfd9e0377395665
  languageName: node
  linkType: hard

"args@npm:^5.0.1":
  version: 5.0.1
  resolution: "args@npm:5.0.1"
  dependencies:
    camelcase: 5.0.0
    chalk: 2.4.2
    leven: 2.1.0
    mri: 1.1.4
  checksum: 51e2a05f32d15b8e292f000e6b232118df61b8f4fd446b17bb4e99df9ab47fe2c4a01924d7f967a6f08e82f9c19be277b08ed22bceff058aca849144ef8efed3
  languageName: node
  linkType: hard

"atomic-sleep@npm:^1.0.0":
  version: 1.0.0
  resolution: "atomic-sleep@npm:1.0.0"
  checksum: b95275afb2f80732f22f43a60178430c468906a415a7ff18bcd0feeebc8eec3930b51250aeda91a476062a90e07132b43a1794e8d8ffcf9b650e8139be75fa36
  languageName: node
  linkType: hard

"camelcase@npm:5.0.0":
  version: 5.0.0
  resolution: "camelcase@npm:5.0.0"
  checksum: 8bfe920e0472d79d34f0279da1391f155bcce7fc74c99b49dafae4f787396040a34f4023da837ab0b4372e63224b460f9524b495906863c38876faea9da53705
  languageName: node
  linkType: hard

"chalk@npm:2.4.2":
  version: 2.4.2
  resolution: "chalk@npm:2.4.2"
  dependencies:
    ansi-styles: ^3.2.1
    escape-string-regexp: ^1.0.5
    supports-color: ^5.3.0
  checksum: ec3661d38fe77f681200f878edbd9448821924e0f93a9cefc0e26a33b145f1027a2084bf19967160d11e1f03bfe4eaffcabf5493b89098b2782c3fe0b03d80c2
  languageName: node
  linkType: hard

"color-convert@npm:^1.9.0":
  version: 1.9.3
  resolution: "color-convert@npm:1.9.3"
  dependencies:
    color-name: 1.1.3
  checksum: fd7a64a17cde98fb923b1dd05c5f2e6f7aefda1b60d67e8d449f9328b4e53b228a428fd38bfeaeb2db2ff6b6503a776a996150b80cdf224062af08a5c8a3a203
  languageName: node
  linkType: hard

"color-name@npm:1.1.3":
  version: 1.1.3
  resolution: "color-name@npm:1.1.3"
  checksum: 09c5d3e33d2105850153b14466501f2bfb30324a2f76568a408763a3b7433b0e50e5b4ab1947868e65cb101bb7cb75029553f2c333b6d4b8138a73fcc133d69d
  languageName: node
  linkType: hard

"colorette@npm:^2.0.7":
  version: 2.0.16
  resolution: "colorette@npm:2.0.16"
  checksum: cd55596a3a2d1071c1a28eee7fd8a5387593ff1bd10a3e8d0a6221499311fe34a9f2b9272d77c391e0e003dcdc8934fb2f8d106e7ef1f7516f8060c901d41a27
  languageName: node
  linkType: hard

"dateformat@npm:^4.6.3":
  version: 4.6.3
  resolution: "dateformat@npm:4.6.3"
  checksum: c3aa0617c0a5b30595122bc8d1bee6276a9221e4d392087b41cbbdf175d9662ae0e50d0d6dcdf45caeac5153c4b5b0844265f8cd2b2245451e3da19e39e3b65d
  languageName: node
  linkType: hard

"duplexify@npm:^4.1.2":
  version: 4.1.2
  resolution: "duplexify@npm:4.1.2"
  dependencies:
    end-of-stream: ^1.4.1
    inherits: ^2.0.3
    readable-stream: ^3.1.1
    stream-shift: ^1.0.0
  checksum: 964376c61c0e92f6ed0694b3ba97c84f199413dc40ab8dfdaef80b7a7f4982fcabf796214e28ed614a5bc1ec45488a29b81e7d46fa3f5ddf65bcb118c20145ad
  languageName: node
  linkType: hard

"end-of-stream@npm:^1.1.0, end-of-stream@npm:^1.4.1":
  version: 1.4.4
  resolution: "end-of-stream@npm:1.4.4"
  dependencies:
    once: ^1.4.0
  checksum: 530a5a5a1e517e962854a31693dbb5c0b2fc40b46dad2a56a2deec656ca040631124f4795823acc68238147805f8b021abbe221f4afed5ef3c8e8efc2024908b
  languageName: node
  linkType: hard

"esbuild-android-arm64@npm:0.14.18":
  version: 0.14.18
  resolution: "esbuild-android-arm64@npm:0.14.18"
  conditions: os=android & cpu=arm64
  languageName: node
  linkType: hard

"esbuild-darwin-64@npm:0.14.18":
  version: 0.14.18
  resolution: "esbuild-darwin-64@npm:0.14.18"
  conditions: os=darwin & cpu=x64
  languageName: node
  linkType: hard

"esbuild-darwin-arm64@npm:0.14.18":
  version: 0.14.18
  resolution: "esbuild-darwin-arm64@npm:0.14.18"
  conditions: os=darwin & cpu=arm64
  languageName: node
  linkType: hard

"esbuild-freebsd-64@npm:0.14.18":
  version: 0.14.18
  resolution: "esbuild-freebsd-64@npm:0.14.18"
  conditions: os=freebsd & cpu=x64
  languageName: node
  linkType: hard

"esbuild-freebsd-arm64@npm:0.14.18":
  version: 0.14.18
  resolution: "esbuild-freebsd-arm64@npm:0.14.18"
  conditions: os=freebsd & cpu=arm64
  languageName: node
  linkType: hard

"esbuild-linux-32@npm:0.14.18":
  version: 0.14.18
  resolution: "esbuild-linux-32@npm:0.14.18"
  conditions: os=linux & cpu=ia32
  languageName: node
  linkType: hard

"esbuild-linux-64@npm:0.14.18":
  version: 0.14.18
  resolution: "esbuild-linux-64@npm:0.14.18"
  conditions: os=linux & cpu=x64
  languageName: node
  linkType: hard

"esbuild-linux-arm64@npm:0.14.18":
  version: 0.14.18
  resolution: "esbuild-linux-arm64@npm:0.14.18"
  conditions: os=linux & cpu=arm64
  languageName: node
  linkType: hard

"esbuild-linux-arm@npm:0.14.18":
  version: 0.14.18
  resolution: "esbuild-linux-arm@npm:0.14.18"
  conditions: os=linux & cpu=arm
  languageName: node
  linkType: hard

"esbuild-linux-mips64le@npm:0.14.18":
  version: 0.14.18
  resolution: "esbuild-linux-mips64le@npm:0.14.18"
  conditions: os=linux & cpu=mips64el
  languageName: node
  linkType: hard

"esbuild-linux-ppc64le@npm:0.14.18":
  version: 0.14.18
  resolution: "esbuild-linux-ppc64le@npm:0.14.18"
  conditions: os=linux & cpu=ppc64
  languageName: node
  linkType: hard

"esbuild-linux-s390x@npm:0.14.18":
  version: 0.14.18
  resolution: "esbuild-linux-s390x@npm:0.14.18"
  conditions: os=linux & cpu=s390x
  languageName: node
  linkType: hard

"esbuild-netbsd-64@npm:0.14.18":
  version: 0.14.18
  resolution: "esbuild-netbsd-64@npm:0.14.18"
  conditions: os=netbsd & cpu=x64
  languageName: node
  linkType: hard

"esbuild-openbsd-64@npm:0.14.18":
  version: 0.14.18
  resolution: "esbuild-openbsd-64@npm:0.14.18"
  conditions: os=openbsd & cpu=x64
  languageName: node
  linkType: hard

"esbuild-sunos-64@npm:0.14.18":
  version: 0.14.18
  resolution: "esbuild-sunos-64@npm:0.14.18"
  conditions: os=sunos & cpu=x64
  languageName: node
  linkType: hard

"esbuild-windows-32@npm:0.14.18":
  version: 0.14.18
  resolution: "esbuild-windows-32@npm:0.14.18"
  conditions: os=win32 & cpu=ia32
  languageName: node
  linkType: hard

"esbuild-windows-64@npm:0.14.18":
  version: 0.14.18
  resolution: "esbuild-windows-64@npm:0.14.18"
  conditions: os=win32 & cpu=x64
  languageName: node
  linkType: hard

"esbuild-windows-arm64@npm:0.14.18":
  version: 0.14.18
  resolution: "esbuild-windows-arm64@npm:0.14.18"
  conditions: os=win32 & cpu=arm64
  languageName: node
  linkType: hard

"esbuild@npm:^0.14.18":
  version: 0.14.18
  resolution: "esbuild@npm:0.14.18"
  dependencies:
    esbuild-android-arm64: 0.14.18
    esbuild-darwin-64: 0.14.18
    esbuild-darwin-arm64: 0.14.18
    esbuild-freebsd-64: 0.14.18
    esbuild-freebsd-arm64: 0.14.18
    esbuild-linux-32: 0.14.18
    esbuild-linux-64: 0.14.18
    esbuild-linux-arm: 0.14.18
    esbuild-linux-arm64: 0.14.18
    esbuild-linux-mips64le: 0.14.18
    esbuild-linux-ppc64le: 0.14.18
    esbuild-linux-s390x: 0.14.18
    esbuild-netbsd-64: 0.14.18
    esbuild-openbsd-64: 0.14.18
    esbuild-sunos-64: 0.14.18
    esbuild-windows-32: 0.14.18
    esbuild-windows-64: 0.14.18
    esbuild-windows-arm64: 0.14.18
  dependenciesMeta:
    esbuild-android-arm64:
      optional: true
    esbuild-darwin-64:
      optional: true
    esbuild-darwin-arm64:
      optional: true
    esbuild-freebsd-64:
      optional: true
    esbuild-freebsd-arm64:
      optional: true
    esbuild-linux-32:
      optional: true
    esbuild-linux-64:
      optional: true
    esbuild-linux-arm:
      optional: true
    esbuild-linux-arm64:
      optional: true
    esbuild-linux-mips64le:
      optional: true
    esbuild-linux-ppc64le:
      optional: true
    esbuild-linux-s390x:
      optional: true
    esbuild-netbsd-64:
      optional: true
    esbuild-openbsd-64:
      optional: true
    esbuild-sunos-64:
      optional: true
    esbuild-windows-32:
      optional: true
    esbuild-windows-64:
      optional: true
    esbuild-windows-arm64:
      optional: true
  bin:
    esbuild: bin/esbuild
  checksum: 6a14033e1776fd9d0672b6bd268e266a00da7ff374c35e21c05cc2781487a64e3ec5c7c78b0a7f3052cbc42e4abbf9fdba235093cd7f4a39e2d06179394ca47c
  languageName: node
  linkType: hard

"escape-string-regexp@npm:^1.0.5":
  version: 1.0.5
  resolution: "escape-string-regexp@npm:1.0.5"
  checksum: 6092fda75c63b110c706b6a9bfde8a612ad595b628f0bd2147eea1d3406723020810e591effc7db1da91d80a71a737a313567c5abb3813e8d9c71f4aa595b410
  languageName: node
  linkType: hard

"fast-redact@npm:^3.0.0":
  version: 3.1.0
  resolution: "fast-redact@npm:3.1.0"
  checksum: 0d4d9386aefa9e20a5785855655f7150b859311dae2603afaa6fa36262ea0a4c5e24c7b4630ec360636763d7e5d554abc7e7939c4ed0980e2164ecc8d2877d6b
  languageName: node
  linkType: hard

"fast-safe-stringify@npm:^2.0.7":
  version: 2.1.1
  resolution: "fast-safe-stringify@npm:2.1.1"
  checksum: a851cbddc451745662f8f00ddb622d6766f9bd97642dabfd9a405fb0d646d69fc0b9a1243cbf67f5f18a39f40f6fa821737651ff1bceeba06c9992ca2dc5bd3d
  languageName: node
  linkType: hard

"has-flag@npm:^3.0.0":
  version: 3.0.0
  resolution: "has-flag@npm:3.0.0"
  checksum: 4a15638b454bf086c8148979aae044dd6e39d63904cd452d970374fa6a87623423da485dfb814e7be882e05c096a7ccf1ebd48e7e7501d0208d8384ff4dea73b
  languageName: node
  linkType: hard

"inherits@npm:^2.0.3":
  version: 2.0.4
  resolution: "inherits@npm:2.0.4"
  checksum: 4a48a733847879d6cf6691860a6b1e3f0f4754176e4d71494c41f3475553768b10f84b5ce1d40fbd0e34e6bfbb864ee35858ad4dd2cf31e02fc4a154b724d7f1
  languageName: node
  linkType: hard

"joycon@npm:^3.1.1":
  version: 3.1.1
  resolution: "joycon@npm:3.1.1"
  checksum: 8003c9c3fc79c5c7602b1c7e9f7a2df2e9916f046b0dbad862aa589be78c15734d11beb9fe846f5e06138df22cb2ad29961b6a986ba81c4920ce2b15a7f11067
  languageName: node
  linkType: hard

"leven@npm:2.1.0":
  version: 2.1.0
  resolution: "leven@npm:2.1.0"
  checksum: f7b4a01b15c0ee2f92a04c0367ea025d10992b044df6f0d4ee1a845d4a488b343e99799e2f31212d72a2b1dea67124f57c1bb1b4561540df45190e44b5b8b394
  languageName: node
  linkType: hard

"mri@npm:1.1.4":
  version: 1.1.4
  resolution: "mri@npm:1.1.4"
  checksum: e65b9aed3b9e423ad4c11f529ab1b9280f65dce8fb476d0da236b5c570ad3322fbbcd2393180855f1474f8b0f982d76ad398766fbd47b8a5ab4069e325d0268e
  languageName: node
  linkType: hard

"on-exit-leak-free@npm:^0.2.0":
  version: 0.2.0
  resolution: "on-exit-leak-free@npm:0.2.0"
  checksum: d22b0f0538069110626b578db6e68b6ee0e85b1ee9cc5ef9b4de1bba431431d6a8da91a61e09d2ad46f22a96f968e5237833cb9d0b69bc4d294f7ec82f609b05
  languageName: node
  linkType: hard

"once@npm:^1.3.1, once@npm:^1.4.0":
  version: 1.4.0
  resolution: "once@npm:1.4.0"
  dependencies:
    wrappy: 1
  checksum: cd0a88501333edd640d95f0d2700fbde6bff20b3d4d9bdc521bdd31af0656b5706570d6c6afe532045a20bb8dc0849f8332d6f2a416e0ba6d3d3b98806c7db68
  languageName: node
  linkType: hard

"pino-abstract-transport@npm:^0.5.0, pino-abstract-transport@npm:v0.5.0":
  version: 0.5.0
  resolution: "pino-abstract-transport@npm:0.5.0"
  dependencies:
    duplexify: ^4.1.2
    split2: ^4.0.0
  checksum: c503f867de3189f8217ab9cf794e8a631dddd0029a829f0f985f5511308152ebd53e363764fbc5570b3d1c715b341e3923456ce16ad84cd41be2b9a074ada234
  languageName: node
  linkType: hard

"pino-browser@workspace:.":
  version: 0.0.0-use.local
  resolution: "pino-browser@workspace:."
  dependencies:
    "@yarnpkg/esbuild-plugin-pnp": ^2.0.1-rc.2
    esbuild: ^0.14.18
    pino: ^7.6.5
  dependenciesMeta:
    pino@7.6.5:
      unplugged: true
  languageName: unknown
  linkType: soft

"pino-pretty@npm:*":
  version: 7.5.1
  resolution: "pino-pretty@npm:7.5.1"
  dependencies:
    args: ^5.0.1
    colorette: ^2.0.7
    dateformat: ^4.6.3
    fast-safe-stringify: ^2.0.7
    joycon: ^3.1.1
    pino-abstract-transport: ^0.5.0
    pump: ^3.0.0
    readable-stream: ^3.6.0
    rfdc: ^1.3.0
    secure-json-parse: ^2.4.0
    sonic-boom: ^2.2.0
    strip-json-comments: ^3.1.1
  bin:
    pino-pretty: bin.js
  checksum: 41874497208de1f6ddb0891968a11fc3a446752b5f9e20bca4bea03849a9d5104de9ec6038572c5c24ecea6504c5db8f25cb93525754cd340308a1261d948165
  languageName: node
  linkType: hard

"pino-std-serializers@npm:^4.0.0":
  version: 4.0.0
  resolution: "pino-std-serializers@npm:4.0.0"
  checksum: 89d487729b58c9d3273a0ee851ead068d6d2e2ccc1af8e1c1d28f1b3442423679bec7ec04d9a2aba36f94f335e82be9f4de19dc4fbc161e71c136aaa15b85ad3
  languageName: node
  linkType: hard

"pino@npm:^7.6.5":
  version: 7.6.5
  resolution: "pino@npm:7.6.5"
  dependencies:
    fast-redact: ^3.0.0
    on-exit-leak-free: ^0.2.0
    pino-abstract-transport: v0.5.0
    pino-std-serializers: ^4.0.0
    process-warning: ^1.0.0
    quick-format-unescaped: ^4.0.3
    real-require: ^0.1.0
    safe-stable-stringify: ^2.1.0
    sonic-boom: ^2.2.1
    thread-stream: ^0.13.0
  bin:
    pino: bin.js
  checksum: 57a3dedb2ecdf6c6fffe31b19349c2a5578c95aefb98c78f8cec54ede9fc7562fe3d2b6ca56017ef01b5e8f379df437a4dcac6844336293d09dbf94a61f87989
  languageName: node
  linkType: hard

"process-warning@npm:^1.0.0":
  version: 1.0.0
  resolution: "process-warning@npm:1.0.0"
  checksum: c708a03241deec3cabaeee39c4f9ee8c4d71f1c5ef9b746c8252cdb952a6059068cfcdaf348399775244cbc441b6ae5e26a9c87ed371f88335d84f26d19180f9
  languageName: node
  linkType: hard

"pump@npm:^3.0.0":
  version: 3.0.0
  resolution: "pump@npm:3.0.0"
  dependencies:
    end-of-stream: ^1.1.0
    once: ^1.3.1
  checksum: e42e9229fba14732593a718b04cb5e1cfef8254544870997e0ecd9732b189a48e1256e4e5478148ecb47c8511dca2b09eae56b4d0aad8009e6fac8072923cfc9
  languageName: node
  linkType: hard

"quick-format-unescaped@npm:^4.0.3":
  version: 4.0.4
  resolution: "quick-format-unescaped@npm:4.0.4"
  checksum: 7bc32b99354a1aa46c089d2a82b63489961002bb1d654cee3e6d2d8778197b68c2d854fd23d8422436ee1fdfd0abaddc4d4da120afe700ade68bd357815b26fd
  languageName: node
  linkType: hard

"readable-stream@npm:^3.1.1, readable-stream@npm:^3.6.0":
  version: 3.6.0
  resolution: "readable-stream@npm:3.6.0"
  dependencies:
    inherits: ^2.0.3
    string_decoder: ^1.1.1
    util-deprecate: ^1.0.1
  checksum: d4ea81502d3799439bb955a3a5d1d808592cf3133350ed352aeaa499647858b27b1c4013984900238b0873ec8d0d8defce72469fb7a83e61d53f5ad61cb80dc8
  languageName: node
  linkType: hard

"real-require@npm:^0.1.0":
  version: 0.1.0
  resolution: "real-require@npm:0.1.0"
  checksum: 96745583ed4f82cd5c6a6af012fd1d3c6fc2f13ae1bcff1a3c4f8094696013a1a07c82c5aa66a403d7d4f84949fc2203bc927c7ad120caad125941ca2d7e5e8e
  languageName: node
  linkType: hard

"rfdc@npm:^1.3.0":
  version: 1.3.0
  resolution: "rfdc@npm:1.3.0"
  checksum: fb2ba8512e43519983b4c61bd3fa77c0f410eff6bae68b08614437bc3f35f91362215f7b4a73cbda6f67330b5746ce07db5dd9850ad3edc91271ad6deea0df32
  languageName: node
  linkType: hard

"safe-buffer@npm:~5.2.0":
  version: 5.2.1
  resolution: "safe-buffer@npm:5.2.1"
  checksum: b99c4b41fdd67a6aaf280fcd05e9ffb0813654894223afb78a31f14a19ad220bba8aba1cb14eddce1fcfb037155fe6de4e861784eb434f7d11ed58d1e70dd491
  languageName: node
  linkType: hard

"safe-stable-stringify@npm:^2.1.0":
  version: 2.3.1
  resolution: "safe-stable-stringify@npm:2.3.1"
  checksum: a0a0bad0294c3e2a9d1bf3cf2b1096dfb83c162d09a5e4891e488cce082120bd69161d2a92aae7fc48255290f17700decae9c89a07fe139794e61b5c8b411377
  languageName: node
  linkType: hard

"secure-json-parse@npm:^2.4.0":
  version: 2.4.0
  resolution: "secure-json-parse@npm:2.4.0"
  checksum: efaafcaa08a4646ca829b29168474f57fb289a0ca7a1d77b66b55a0292785bc6eb9143b21cfc50b37dd12a823c25b12aa1771f18314ed5a616a1f8f12a318533
  languageName: node
  linkType: hard

"sonic-boom@npm:^2.2.0, sonic-boom@npm:^2.2.1":
  version: 2.6.0
  resolution: "sonic-boom@npm:2.6.0"
  dependencies:
    atomic-sleep: ^1.0.0
  checksum: 7d7e3de33cb2f7fc56349b0593a703a498c4501f0df57cababe70bbcc3b3f196b73a0a221e6571ed04c3431beb7a7bcb20124874effe603e7ca3238a448ca543
  languageName: node
  linkType: hard

"split2@npm:^4.0.0":
  version: 4.1.0
  resolution: "split2@npm:4.1.0"
  checksum: ec581597cb74c13cdfb5e2047543dd40cb1e8e9803c7b1e0c29ede05f2b4f049b2d6e7f2788a225d544549375719658b8f38e9366364dec35dc7a12edfda5ee5
  languageName: node
  linkType: hard

"stream-shift@npm:^1.0.0":
  version: 1.0.1
  resolution: "stream-shift@npm:1.0.1"
  checksum: 59b82b44b29ec3699b5519a49b3cedcc6db58c72fb40c04e005525dfdcab1c75c4e0c180b923c380f204bed78211b9bad8faecc7b93dece4d004c3f6ec75737b
  languageName: node
  linkType: hard

"string_decoder@npm:^1.1.1":
  version: 1.3.0
  resolution: "string_decoder@npm:1.3.0"
  dependencies:
    safe-buffer: ~5.2.0
  checksum: 8417646695a66e73aefc4420eb3b84cc9ffd89572861fe004e6aeb13c7bc00e2f616247505d2dbbef24247c372f70268f594af7126f43548565c68c117bdeb56
  languageName: node
  linkType: hard

"strip-json-comments@npm:^3.1.1":
  version: 3.1.1
  resolution: "strip-json-comments@npm:3.1.1"
  checksum: 492f73e27268f9b1c122733f28ecb0e7e8d8a531a6662efbd08e22cccb3f9475e90a1b82cab06a392f6afae6d2de636f977e231296400d0ec5304ba70f166443
  languageName: node
  linkType: hard

"supports-color@npm:^5.3.0":
  version: 5.5.0
  resolution: "supports-color@npm:5.5.0"
  dependencies:
    has-flag: ^3.0.0
  checksum: 95f6f4ba5afdf92f495b5a912d4abee8dcba766ae719b975c56c084f5004845f6f5a5f7769f52d53f40e21952a6d87411bafe34af4a01e65f9926002e38e1dac
  languageName: node
  linkType: hard

"thread-stream@npm:^0.13.0":
  version: 0.13.1
  resolution: "thread-stream@npm:0.13.1"
  dependencies:
    real-require: ^0.1.0
  checksum: d1f9ab2dda89efcfd59700505140306b36b9efdf32190c6250956a6be6ab6d636bae53e9d33048added09c16a213c83eef3774c415bc37424b0d48c1fb14b83a
  languageName: node
  linkType: hard

"tslib@npm:^1.13.0":
  version: 1.14.1
  resolution: "tslib@npm:1.14.1"
  checksum: dbe628ef87f66691d5d2959b3e41b9ca0045c3ee3c7c7b906cc1e328b39f199bb1ad9e671c39025bd56122ac57dfbf7385a94843b1cc07c60a4db74795829acd
  languageName: node
  linkType: hard

"util-deprecate@npm:^1.0.1":
  version: 1.0.2
  resolution: "util-deprecate@npm:1.0.2"
  checksum: 474acf1146cb2701fe3b074892217553dfcf9a031280919ba1b8d651a068c9b15d863b7303cb15bd00a862b498e6cf4ad7b4a08fb134edd5a6f7641681cb54a2
  languageName: node
  linkType: hard

"wrappy@npm:1":
  version: 1.0.2
  resolution: "wrappy@npm:1.0.2"
  checksum: 159da4805f7e84a3d003d8841557196034155008f817172d4e986bd591f74aa82aa7db55929a54222309e01079a65a92a9e6414da5a6aa4b01ee44a511ac3ee5
  languageName: node
  linkType: hard
